
Microsoft Visual Studio Solution File, Format Version 12.00
# Visual Studio Version 17
VisualStudioVersion = 17.0.31903.59
MinimumVisualStudioVersion = 10.0.40219.1
Project("{2150E333-8FDC-42A3-9474-1A3956D46DE8}") = "src", "src", "{ABA1EE69-D4B8-4008-B2ED-C151778958C2}"
EndProject
Project("{FAE04EC0-301F-11D3-BF4B-00C04F79EFBC}") = "TALXIS.DevKit.CLI", "src\CLI\TALXIS.DevKit.CLI.csproj", "{B6F7334A-A3E6-4227-94E0-AF8D1790C06C}"
EndProject
Project("{FAE04EC0-301F-11D3-BF4B-00C04F79EFBC}") = "TALXIS.DevKit.Build.Dataverse.Tasks", "src\Build\MSBuildTasks\TALXIS.DevKit.Build.Dataverse.Tasks.csproj", "{9C730AB4-59A2-4DD8-BE14-E137ED28796D}"
EndProject
Global
	GlobalSection(SolutionConfigurationPlatforms) = preSolution
		Debug|Any CPU = Debug|Any CPU
		Release|Any CPU = Release|Any CPU
	EndGlobalSection
	GlobalSection(ProjectConfigurationPlatforms) = postSolution
		{B6F7334A-A3E6-4227-94E0-AF8D1790C06C}.Debug|Any CPU.ActiveCfg = Debug|Any CPU
		{B6F7334A-A3E6-4227-94E0-AF8D1790C06C}.Debug|Any CPU.Build.0 = Debug|Any CPU
		{B6F7334A-A3E6-4227-94E0-AF8D1790C06C}.Release|Any CPU.ActiveCfg = Release|Any CPU
		{B6F7334A-A3E6-4227-94E0-AF8D1790C06C}.Release|Any CPU.Build.0 = Release|Any CPU
		{9C730AB4-59A2-4DD8-BE14-E137ED28796D}.Debug|Any CPU.ActiveCfg = Debug|Any CPU
		{9C730AB4-59A2-4DD8-BE14-E137ED28796D}.Debug|Any CPU.Build.0 = Debug|Any CPU
		{9C730AB4-59A2-4DD8-BE14-E137ED28796D}.Release|Any CPU.ActiveCfg = Release|Any CPU
		{9C730AB4-59A2-4DD8-BE14-E137ED28796D}.Release|Any CPU.Build.0 = Release|Any CPU
	EndGlobalSection
	GlobalSection(SolutionProperties) = preSolution
		HideSolutionNode = FALSE
	EndGlobalSection
	GlobalSection(NestedProjects) = preSolution
		{B6F7334A-A3E6-4227-94E0-AF8D1790C06C} = {ABA1EE69-D4B8-4008-B2ED-C151778958C2}
		{9C730AB4-59A2-4DD8-BE14-E137ED28796D} = {ABA1EE69-D4B8-4008-B2ED-C151778958C2}
	EndGlobalSection
EndGlobal
